
Microsoft Visual Studio Solution File, Format Version 12.00
# Visual Studio Version 16
VisualStudioVersion = 16.0.30309.148
MinimumVisualStudioVersion = 10.0.40219.1
Project("{9A19103F-16F7-4668-BE54-9A1E7A4F7556}") = "ProbaHTTP.Server", "Server\ProbaHTTP.Server.csproj", "{2C13E964-AB8C-4920-BF94-E354796C3250}"
EndProject
Project("{9A19103F-16F7-4668-BE54-9A1E7A4F7556}") = "ProbaHTTP.Client", "Client\ProbaHTTP.Client.csproj", "{2FB6370E-8609-41BC-AC9A-2E8E6E54D0AD}"
EndProject
Project("{9A19103F-16F7-4668-BE54-9A1E7A4F7556}") = "ProbaHTTP.Shared", "Shared\ProbaHTTP.Shared.csproj", "{4338F909-8502-4418-823C-CEB5FFFCD4D6}"
EndProject
Global
	GlobalSection(SolutionConfigurationPlatforms) = preSolution
		Debug|Any CPU = Debug|Any CPU
		Release|Any CPU = Release|Any CPU
	EndGlobalSection
	GlobalSection(ProjectConfigurationPlatforms) = postSolution
		{2C13E964-AB8C-4920-BF94-E354796C3250}.Debug|Any CPU.ActiveCfg = Debug|Any CPU
		{2C13E964-AB8C-4920-BF94-E354796C3250}.Debug|Any CPU.Build.0 = Debug|Any CPU
		{2C13E964-AB8C-4920-BF94-E354796C3250}.Release|Any CPU.ActiveCfg = Release|Any CPU
		{2C13E964-AB8C-4920-BF94-E354796C3250}.Release|Any CPU.Build.0 = Release|Any CPU
		{2FB6370E-8609-41BC-AC9A-2E8E6E54D0AD}.Debug|Any CPU.ActiveCfg = Debug|Any CPU
		{2FB6370E-8609-41BC-AC9A-2E8E6E54D0AD}.Debug|Any CPU.Build.0 = Debug|Any CPU
		{2FB6370E-8609-41BC-AC9A-2E8E6E54D0AD}.Release|Any CPU.ActiveCfg = Release|Any CPU
		{2FB6370E-8609-41BC-AC9A-2E8E6E54D0AD}.Release|Any CPU.Build.0 = Release|Any CPU
		{4338F909-8502-4418-823C-CEB5FFFCD4D6}.Debug|Any CPU.ActiveCfg = Debug|Any CPU
		{4338F909-8502-4418-823C-CEB5FFFCD4D6}.Debug|Any CPU.Build.0 = Debug|Any CPU
		{4338F909-8502-4418-823C-CEB5FFFCD4D6}.Release|Any CPU.ActiveCfg = Release|Any CPU
		{4338F909-8502-4418-823C-CEB5FFFCD4D6}.Release|Any CPU.Build.0 = Release|Any CPU
	EndGlobalSection
	GlobalSection(SolutionProperties) = preSolution
		HideSolutionNode = FALSE
	EndGlobalSection
	GlobalSection(ExtensibilityGlobals) = postSolution
		SolutionGuid = {27E41A44-91D2-4A49-956A-45A6969FDB1C}
	EndGlobalSection
EndGlobal
